// !$*UTF8*$!
{
	archiveVersion = 1;
	classes = {
	};
	objectVersion = 46;
	objects = {

/* Begin PBXBuildFile section */
		4138CD7C00A45BEC26FAF344 /* libPods-HackerNews.a in Frameworks */ = {isa = PBXBuildFile; fileRef = 6A66B10915AB09677DAE5252 /* libPods-HackerNews.a */; };
		6C19BC901AD9C67300B33FC3 /* AppDelegate.swift in Sources */ = {isa = PBXBuildFile; fileRef = 6C19BC8F1AD9C67300B33FC3 /* AppDelegate.swift */; };
		6C19BC921AD9C67300B33FC3 /* ViewController.swift in Sources */ = {isa = PBXBuildFile; fileRef = 6C19BC911AD9C67300B33FC3 /* ViewController.swift */; };
		6C19BC951AD9C67300B33FC3 /* Main.storyboard in Resources */ = {isa = PBXBuildFile; fileRef = 6C19BC931AD9C67300B33FC3 /* Main.storyboard */; };
		6C19BC971AD9C67300B33FC3 /* Images.xcassets in Resources */ = {isa = PBXBuildFile; fileRef = 6C19BC961AD9C67300B33FC3 /* Images.xcassets */; };
		6C19BC9A1AD9C67300B33FC3 /* LaunchScreen.xib in Resources */ = {isa = PBXBuildFile; fileRef = 6C19BC981AD9C67300B33FC3 /* LaunchScreen.xib */; };
		6C19BCA61AD9C67300B33FC3 /* HackerNewsTests.swift in Sources */ = {isa = PBXBuildFile; fileRef = 6C19BCA51AD9C67300B33FC3 /* HackerNewsTests.swift */; };
		6C19BCB01AD9C69500B33FC3 /* DataStore.swift in Sources */ = {isa = PBXBuildFile; fileRef = 6C19BCAF1AD9C69500B33FC3 /* DataStore.swift */; };
/* End PBXBuildFile section */

/* Begin PBXContainerItemProxy section */
		6C19BCA01AD9C67300B33FC3 /* PBXContainerItemProxy */ = {
			isa = PBXContainerItemProxy;
			containerPortal = 6C19BC821AD9C67300B33FC3 /* Project object */;
			proxyType = 1;
			remoteGlobalIDString = 6C19BC891AD9C67300B33FC3;
			remoteInfo = HackerNews;
		};
/* End PBXContainerItemProxy section */

/* Begin PBXFileReference section */
		23C297841BEC9496BA937927 /* Pods-HackerNews.release.xcconfig */ = {isa = PBXFileReference; includeInIndex = 1; lastKnownFileType = text.xcconfig; name = "Pods-HackerNews.release.xcconfig"; path = "Pods/Target Support Files/Pods-HackerNews/Pods-HackerNews.release.xcconfig"; sourceTree = "<group>"; };
		6A66B10915AB09677DAE5252 /* libPods-HackerNews.a */ = {isa = PBXFileReference; explicitFileType = archive.ar; includeInIndex = 0; path = "libPods-HackerNews.a"; sourceTree = BUILT_PRODUCTS_DIR; };
		6C19BC8A1AD9C67300B33FC3 /* HackerNews.app */ = {isa = PBXFileReference; explicitFileType = wrapper.application; includeInIndex = 0; path = HackerNews.app; sourceTree = BUILT_PRODUCTS_DIR; };
		6C19BC8E1AD9C67300B33FC3 /* Info.plist */ = {isa = PBXFileReference; lastKnownFileType = text.plist.xml; path = Info.plist; sourceTree = "<group>"; };
		6C19BC8F1AD9C67300B33FC3 /* AppDelegate.swift */ = {isa = PBXFileReference; lastKnownFileType = sourcecode.swift; path = AppDelegate.swift; sourceTree = "<group>"; };
		6C19BC911AD9C67300B33FC3 /* ViewController.swift */ = {isa = PBXFileReference; lastKnownFileType = sourcecode.swift; path = ViewController.swift; sourceTree = "<group>"; };
		6C19BC941AD9C67300B33FC3 /* Base */ = {isa = PBXFileReference; lastKnownFileType = file.storyboard; name = Base; path = Base.lproj/Main.storyboard; sourceTree = "<group>"; };
		6C19BC961AD9C67300B33FC3 /* Images.xcassets */ = {isa = PBXFileReference; lastKnownFileType = folder.assetcatalog; path = Images.xcassets; sourceTree = "<group>"; };
		6C19BC991AD9C67300B33FC3 /* Base */ = {isa = PBXFileReference; lastKnownFileType = file.xib; name = Base; path = Base.lproj/LaunchScreen.xib; sourceTree = "<group>"; };
		6C19BC9F1AD9C67300B33FC3 /* HackerNewsTests.xctest */ = {isa = PBXFileReference; explicitFileType = wrapper.cfbundle; includeInIndex = 0; path = HackerNewsTests.xctest; sourceTree = BUILT_PRODUCTS_DIR; };
		6C19BCA41AD9C67300B33FC3 /* Info.plist */ = {isa = PBXFileReference; lastKnownFileType = text.plist.xml; path = Info.plist; sourceTree = "<group>"; };
		6C19BCA51AD9C67300B33FC3 /* HackerNewsTests.swift */ = {isa = PBXFileReference; lastKnownFileType = sourcecode.swift; path = HackerNewsTests.swift; sourceTree = "<group>"; };
		6C19BCAF1AD9C69500B33FC3 /* DataStore.swift */ = {isa = PBXFileReference; fileEncoding = 4; lastKnownFileType = sourcecode.swift; path = DataStore.swift; sourceTree = "<group>"; };
		6C3DF2F71AD9CC22005C4583 /* HackerNews-Bridging-Header.h */ = {isa = PBXFileReference; lastKnownFileType = sourcecode.c.h; path = "HackerNews-Bridging-Header.h"; sourceTree = "<group>"; };
		D3EB4DD84274D6A716F55CF7 /* Pods-HackerNews.debug.xcconfig */ = {isa = PBXFileReference; includeInIndex = 1; lastKnownFileType = text.xcconfig; name = "Pods-HackerNews.debug.xcconfig"; path = "Pods/Target Support Files/Pods-HackerNews/Pods-HackerNews.debug.xcconfig"; sourceTree = "<group>"; };
/* End PBXFileReference section */

/* Begin PBXFrameworksBuildPhase section */
		6C19BC871AD9C67300B33FC3 /* Frameworks */ = {
			isa = PBXFrameworksBuildPhase;
			buildActionMask = 2147483647;
			files = (
				4138CD7C00A45BEC26FAF344 /* libPods-HackerNews.a in Frameworks */,
			);
			runOnlyForDeploymentPostprocessing = 0;
		};
		6C19BC9C1AD9C67300B33FC3 /* Frameworks */ = {
			isa = PBXFrameworksBuildPhase;
			buildActionMask = 2147483647;
			files = (
			);
			runOnlyForDeploymentPostprocessing = 0;
		};
/* End PBXFrameworksBuildPhase section */

/* Begin PBXGroup section */
		6C19BC811AD9C67300B33FC3 = {
			isa = PBXGroup;
			children = (
				6C19BC8C1AD9C67300B33FC3 /* HackerNews */,
				6C19BCA21AD9C67300B33FC3 /* HackerNewsTests */,
				6C19BC8B1AD9C67300B33FC3 /* Products */,
				A1A7776914416C8799E4CB63 /* Pods */,
				6CD9348B0E664D730136B45A /* Frameworks */,
			);
			sourceTree = "<group>";
		};
		6C19BC8B1AD9C67300B33FC3 /* Products */ = {
			isa = PBXGroup;
			children = (
				6C19BC8A1AD9C67300B33FC3 /* HackerNews.app */,
				6C19BC9F1AD9C67300B33FC3 /* HackerNewsTests.xctest */,
			);
			name = Products;
			sourceTree = "<group>";
		};
		6C19BC8C1AD9C67300B33FC3 /* HackerNews */ = {
			isa = PBXGroup;
			children = (
				6C19BC8F1AD9C67300B33FC3 /* AppDelegate.swift */,
				6C19BC911AD9C67300B33FC3 /* ViewController.swift */,
				6C19BC931AD9C67300B33FC3 /* Main.storyboard */,
				6C3DF2F71AD9CC22005C4583 /* HackerNews-Bridging-Header.h */,
				6C19BCAF1AD9C69500B33FC3 /* DataStore.swift */,
				6C19BC961AD9C67300B33FC3 /* Images.xcassets */,
				6C19BC981AD9C67300B33FC3 /* LaunchScreen.xib */,
				6C19BC8D1AD9C67300B33FC3 /* Supporting Files */,
			);
			path = HackerNews;
			sourceTree = "<group>";
		};
		6C19BC8D1AD9C67300B33FC3 /* Supporting Files */ = {
			isa = PBXGroup;
			children = (
				6C19BC8E1AD9C67300B33FC3 /* Info.plist */,
			);
			name = "Supporting Files";
			sourceTree = "<group>";
		};
		6C19BCA21AD9C67300B33FC3 /* HackerNewsTests */ = {
			isa = PBXGroup;
			children = (
				6C19BCA51AD9C67300B33FC3 /* HackerNewsTests.swift */,
				6C19BCA31AD9C67300B33FC3 /* Supporting Files */,
			);
			path = HackerNewsTests;
			sourceTree = "<group>";
		};
		6C19BCA31AD9C67300B33FC3 /* Supporting Files */ = {
			isa = PBXGroup;
			children = (
				6C19BCA41AD9C67300B33FC3 /* Info.plist */,
			);
			name = "Supporting Files";
			sourceTree = "<group>";
		};
		6CD9348B0E664D730136B45A /* Frameworks */ = {
			isa = PBXGroup;
			children = (
				6A66B10915AB09677DAE5252 /* libPods-HackerNews.a */,
			);
			name = Frameworks;
			sourceTree = "<group>";
		};
		A1A7776914416C8799E4CB63 /* Pods */ = {
			isa = PBXGroup;
			children = (
				D3EB4DD84274D6A716F55CF7 /* Pods-HackerNews.debug.xcconfig */,
				23C297841BEC9496BA937927 /* Pods-HackerNews.release.xcconfig */,
			);
			name = Pods;
			sourceTree = "<group>";
		};
/* End PBXGroup section */

/* Begin PBXNativeTarget section */
		6C19BC891AD9C67300B33FC3 /* HackerNews */ = {
			isa = PBXNativeTarget;
			buildConfigurationList = 6C19BCA91AD9C67300B33FC3 /* Build configuration list for PBXNativeTarget "HackerNews" */;
			buildPhases = (
				161F771646C0EE575AE3EC1A /* Check Pods Manifest.lock */,
				6C19BC861AD9C67300B33FC3 /* Sources */,
				6C19BC871AD9C67300B33FC3 /* Frameworks */,
				6C19BC881AD9C67300B33FC3 /* Resources */,
				56823DA84562CC16B6C0A0D4 /* Copy Pods Resources */,
			);
			buildRules = (
			);
			dependencies = (
			);
			name = HackerNews;
			productName = HackerNews;
			productReference = 6C19BC8A1AD9C67300B33FC3 /* HackerNews.app */;
			productType = "com.apple.product-type.application";
		};
		6C19BC9E1AD9C67300B33FC3 /* HackerNewsTests */ = {
			isa = PBXNativeTarget;
			buildConfigurationList = 6C19BCAC1AD9C67300B33FC3 /* Build configuration list for PBXNativeTarget "HackerNewsTests" */;
			buildPhases = (
				6C19BC9B1AD9C67300B33FC3 /* Sources */,
				6C19BC9C1AD9C67300B33FC3 /* Frameworks */,
				6C19BC9D1AD9C67300B33FC3 /* Resources */,
			);
			buildRules = (
			);
			dependencies = (
				6C19BCA11AD9C67300B33FC3 /* PBXTargetDependency */,
			);
			name = HackerNewsTests;
			productName = HackerNewsTests;
			productReference = 6C19BC9F1AD9C67300B33FC3 /* HackerNewsTests.xctest */;
			productType = "com.apple.product-type.bundle.unit-test";
		};
/* End PBXNativeTarget section */

/* Begin PBXProject section */
		6C19BC821AD9C67300B33FC3 /* Project object */ = {
			isa = PBXProject;
			attributes = {
				LastUpgradeCheck = 0630;
				ORGANIZATIONNAME = "Blade Chapman";
				TargetAttributes = {
					6C19BC891AD9C67300B33FC3 = {
						CreatedOnToolsVersion = 6.3;
					};
					6C19BC9E1AD9C67300B33FC3 = {
						CreatedOnToolsVersion = 6.3;
						TestTargetID = 6C19BC891AD9C67300B33FC3;
					};
				};
			};
			buildConfigurationList = 6C19BC851AD9C67300B33FC3 /* Build configuration list for PBXProject "HackerNews" */;
			compatibilityVersion = "Xcode 3.2";
			developmentRegion = English;
			hasScannedForEncodings = 0;
			knownRegions = (
				en,
				Base,
			);
			mainGroup = 6C19BC811AD9C67300B33FC3;
			productRefGroup = 6C19BC8B1AD9C67300B33FC3 /* Products */;
			projectDirPath = "";
			projectRoot = "";
			targets = (
				6C19BC891AD9C67300B33FC3 /* HackerNews */,
				6C19BC9E1AD9C67300B33FC3 /* HackerNewsTests */,
			);
		};
/* End PBXProject section */

/* Begin PBXResourcesBuildPhase section */
		6C19BC881AD9C67300B33FC3 /* Resources */ = {
			isa = PBXResourcesBuildPhase;
			buildActionMask = 2147483647;
			files = (
				6C19BC951AD9C67300B33FC3 /* Main.storyboard in Resources */,
				6C19BC9A1AD9C67300B33FC3 /* LaunchScreen.xib in Resources */,
				6C19BC971AD9C67300B33FC3 /* Images.xcassets in Resources */,
			);
			runOnlyForDeploymentPostprocessing = 0;
		};
		6C19BC9D1AD9C67300B33FC3 /* Resources */ = {
			isa = PBXResourcesBuildPhase;
			buildActionMask = 2147483647;
			files = (
			);
			runOnlyForDeploymentPostprocessing = 0;
		};
/* End PBXResourcesBuildPhase section */

/* Begin PBXShellScriptBuildPhase section */
		161F771646C0EE575AE3EC1A /* Check Pods Manifest.lock */ = {
			isa = PBXShellScriptBuildPhase;
			buildActionMask = 2147483647;
			files = (
			);
			inputPaths = (
			);
			name = "Check Pods Manifest.lock";
			outputPaths = (
			);
			runOnlyForDeploymentPostprocessing = 0;
			shellPath = /bin/sh;
			shellScript = "diff \"${PODS_ROOT}/../Podfile.lock\" \"${PODS_ROOT}/Manifest.lock\" > /dev/null\nif [[ $? != 0 ]] ; then\n    cat << EOM\nerror: The sandbox is not in sync with the Podfile.lock. Run 'pod install' or update your CocoaPods installation.\nEOM\n    exit 1\nfi\n";
			showEnvVarsInLog = 0;
		};
		56823DA84562CC16B6C0A0D4 /* Copy Pods Resources */ = {
			isa = PBXShellScriptBuildPhase;
			buildActionMask = 2147483647;
			files = (
			);
			inputPaths = (
			);
			name = "Copy Pods Resources";
			outputPaths = (
			);
			runOnlyForDeploymentPostprocessing = 0;
			shellPath = /bin/sh;
			shellScript = "\"${SRCROOT}/Pods/Target Support Files/Pods-HackerNews/Pods-HackerNews-resources.sh\"\n";
			showEnvVarsInLog = 0;
		};
/* End PBXShellScriptBuildPhase section */

/* Begin PBXSourcesBuildPhase section */
		6C19BC861AD9C67300B33FC3 /* Sources */ = {
			isa = PBXSourcesBuildPhase;
			buildActionMask = 2147483647;
			files = (
				6C19BC921AD9C67300B33FC3 /* ViewController.swift in Sources */,
				6C19BCB01AD9C69500B33FC3 /* DataStore.swift in Sources */,
				6C19BC901AD9C67300B33FC3 /* AppDelegate.swift in Sources */,
			);
			runOnlyForDeploymentPostprocessing = 0;
		};
		6C19BC9B1AD9C67300B33FC3 /* Sources */ = {
			isa = PBXSourcesBuildPhase;
			buildActionMask = 2147483647;
			files = (
				6C19BCA61AD9C67300B33FC3 /* HackerNewsTests.swift in Sources */,
			);
			runOnlyForDeploymentPostprocessing = 0;
		};
/* End PBXSourcesBuildPhase section */

/* Begin PBXTargetDependency section */
		6C19BCA11AD9C67300B33FC3 /* PBXTargetDependency */ = {
			isa = PBXTargetDependency;
			target = 6C19BC891AD9C67300B33FC3 /* HackerNews */;
			targetProxy = 6C19BCA01AD9C67300B33FC3 /* PBXContainerItemProxy */;
		};
/* End PBXTargetDependency section */

/* Begin PBXVariantGroup section */
		6C19BC931AD9C67300B33FC3 /* Main.storyboard */ = {
			isa = PBXVariantGroup;
			children = (
				6C19BC941AD9C67300B33FC3 /* Base */,
			);
			name = Main.storyboard;
			sourceTree = "<group>";
		};
		6C19BC981AD9C67300B33FC3 /* LaunchScreen.xib */ = {
			isa = PBXVariantGroup;
			children = (
				6C19BC991AD9C67300B33FC3 /* Base */,
			);
			name = LaunchScreen.xib;
			sourceTree = "<group>";
		};
/* End PBXVariantGroup section */

/* Begin XCBuildConfiguration section */
		6C19BCA71AD9C67300B33FC3 /* Debug */ = {
			isa = XCBuildConfiguration;
			buildSettings = {
				ALWAYS_SEARCH_USER_PATHS = NO;
				CLANG_CXX_LANGUAGE_STANDARD = "gnu++0x";
				CLANG_CXX_LIBRARY = "libc++";
				CLANG_ENABLE_MODULES = YES;
				CLANG_ENABLE_OBJC_ARC = YES;
				CLANG_WARN_BOOL_CONVERSION = YES;
				CLANG_WARN_CONSTANT_CONVERSION = YES;
				CLANG_WARN_DIRECT_OBJC_ISA_USAGE = YES_ERROR;
				CLANG_WARN_EMPTY_BODY = YES;
				CLANG_WARN_ENUM_CONVERSION = YES;
				CLANG_WARN_INT_CONVERSION = YES;
				CLANG_WARN_OBJC_ROOT_CLASS = YES_ERROR;
				CLANG_WARN_UNREACHABLE_CODE = YES;
				CLANG_WARN__DUPLICATE_METHOD_MATCH = YES;
				"CODE_SIGN_IDENTITY[sdk=iphoneos*]" = "iPhone Developer";
				COPY_PHASE_STRIP = NO;
				DEBUG_INFORMATION_FORMAT = "dwarf-with-dsym";
				ENABLE_STRICT_OBJC_MSGSEND = YES;
				GCC_C_LANGUAGE_STANDARD = gnu99;
				GCC_DYNAMIC_NO_PIC = NO;
				GCC_NO_COMMON_BLOCKS = YES;
				GCC_OPTIMIZATION_LEVEL = 0;
				GCC_PREPROCESSOR_DEFINITIONS = (
					"DEBUG=1",
					"$(inherited)",
				);
				GCC_SYMBOLS_PRIVATE_EXTERN = NO;
				GCC_WARN_64_TO_32_BIT_CONVERSION = YES;
				GCC_WARN_ABOUT_RETURN_TYPE = YES_ERROR;
				GCC_WARN_UNDECLARED_SELECTOR = YES;
				GCC_WARN_UNINITIALIZED_AUTOS = YES_AGGRESSIVE;
				GCC_WARN_UNUSED_FUNCTION = YES;
				GCC_WARN_UNUSED_VARIABLE = YES;
				IPHONEOS_DEPLOYMENT_TARGET = 8.3;
				MTL_ENABLE_DEBUG_INFO = YES;
				ONLY_ACTIVE_ARCH = YES;
				SDKROOT = iphoneos;
				SWIFT_OPTIMIZATION_LEVEL = "-Onone";
			};
			name = Debug;
		};
		6C19BCA81AD9C67300B33FC3 /* Release */ = {
			isa = XCBuildConfiguration;
			buildSettings = {
				ALWAYS_SEARCH_USER_PATHS = NO;
				CLANG_CXX_LANGUAGE_STANDARD = "gnu++0x";
				CLANG_CXX_LIBRARY = "libc++";
				CLANG_ENABLE_MODULES = YES;
				CLANG_ENABLE_OBJC_ARC = YES;
				CLANG_WARN_BOOL_CONVERSION = YES;
				CLANG_WARN_CONSTANT_CONVERSION = YES;
				CLANG_WARN_DIRECT_OBJC_ISA_USAGE = YES_ERROR;
				CLANG_WARN_EMPTY_BODY = YES;
				CLANG_WARN_ENUM_CONVERSION = YES;
				CLANG_WARN_INT_CONVERSION = YES;
				CLANG_WARN_OBJC_ROOT_CLASS = YES_ERROR;
				CLANG_WARN_UNREACHABLE_CODE = YES;
				CLANG_WARN__DUPLICATE_METHOD_MATCH = YES;
				"CODE_SIGN_IDENTITY[sdk=iphoneos*]" = "iPhone Developer";
				COPY_PHASE_STRIP = NO;
				DEBUG_INFORMATION_FORMAT = "dwarf-with-dsym";
				ENABLE_NS_ASSERTIONS = NO;
				ENABLE_STRICT_OBJC_MSGSEND = YES;
				GCC_C_LANGUAGE_STANDARD = gnu99;
				GCC_NO_COMMON_BLOCKS = YES;
				GCC_WARN_64_TO_32_BIT_CONVERSION = YES;
				GCC_WARN_ABOUT_RETURN_TYPE = YES_ERROR;
				GCC_WARN_UNDECLARED_SELECTOR = YES;
				GCC_WARN_UNINITIALIZED_AUTOS = YES_AGGRESSIVE;
				GCC_WARN_UNUSED_FUNCTION = YES;
				GCC_WARN_UNUSED_VARIABLE = YES;
				IPHONEOS_DEPLOYMENT_TARGET = 8.3;
				MTL_ENABLE_DEBUG_INFO = NO;
				SDKROOT = iphoneos;
				VALIDATE_PRODUCT = YES;
			};
			name = Release;
		};
		6C19BCAA1AD9C67300B33FC3 /* Debug */ = {
			isa = XCBuildConfiguration;
			baseConfigurationReference = D3EB4DD84274D6A716F55CF7 /* Pods-HackerNews.debug.xcconfig */;
			buildSettings = {
				ASSETCATALOG_COMPILER_APPICON_NAME = AppIcon;
				INFOPLIST_FILE = HackerNews/Info.plist;
				LD_RUNPATH_SEARCH_PATHS = "$(inherited) @executable_path/Frameworks";
				PRODUCT_NAME = "$(TARGET_NAME)";
				SWIFT_OBJC_BRIDGING_HEADER = "HackerNews/HackerNews-Bridging-Header.h";
			};
			name = Debug;
		};
		6C19BCAB1AD9C67300B33FC3 /* Release */ = {
			isa = XCBuildConfiguration;
			baseConfigurationReference = 23C297841BEC9496BA937927 /* Pods-HackerNews.release.xcconfig */;
			buildSettings = {
				ASSETCATALOG_COMPILER_APPICON_NAME = AppIcon;
				INFOPLIST_FILE = HackerNews/Info.plist;
				LD_RUNPATH_SEARCH_PATHS = "$(inherited) @executable_path/Frameworks";
				PRODUCT_NAME = "$(TARGET_NAME)";
				SWIFT_OBJC_BRIDGING_HEADER = "HackerNews/HackerNews-Bridging-Header.h";
			};
			name = Release;
		};
		6C19BCAD1AD9C67300B33FC3 /* Debug */ = {
			isa = XCBuildConfiguration;
			buildSettings = {
				BUNDLE_LOADER = "$(TEST_HOST)";
				FRAMEWORK_SEARCH_PATHS = (
					"$(SDKROOT)/Developer/Library/Frameworks",
					"$(inherited)",
				);
				GCC_PREPROCESSOR_DEFINITIONS = (
					"DEBUG=1",
					"$(inherited)",
				);
				INFOPLIST_FILE = HackerNewsTests/Info.plist;
				LD_RUNPATH_SEARCH_PATHS = "$(inherited) @executable_path/Frameworks @loader_path/Frameworks";
				PRODUCT_NAME = "$(TARGET_NAME)";
				TEST_HOST = "$(BUILT_PRODUCTS_DIR)/HackerNews.app/HackerNews";
			};
			name = Debug;
		};
		6C19BCAE1AD9C67300B33FC3 /* Release */ = {
			isa = XCBuildConfiguration;
			buildSettings = {
				BUNDLE_LOADER = "$(TEST_HOST)";
				FRAMEWORK_SEARCH_PATHS = (
					"$(SDKROOT)/Developer/Library/Frameworks",
					"$(inherited)",
				);
				INFOPLIST_FILE = HackerNewsTests/Info.plist;
				LD_RUNPATH_SEARCH_PATHS = "$(inherited) @executable_path/Frameworks @loader_path/Frameworks";
				PRODUCT_NAME = "$(TARGET_NAME)";
				TEST_HOST = "$(BUILT_PRODUCTS_DIR)/HackerNews.app/HackerNews";
			};
			name = Release;
		};
/* End XCBuildConfiguration section */

/* Begin XCConfigurationList section */
		6C19BC851AD9C67300B33FC3 /* Build configuration list for PBXProject "HackerNews" */ = {
			isa = XCConfigurationList;
			buildConfigurations = (
				6C19BCA71AD9C67300B33FC3 /* Debug */,
				6C19BCA81AD9C67300B33FC3 /* Release */,
			);
			defaultConfigurationIsVisible = 0;
			defaultConfigurationName = Release;
		};
		6C19BCA91AD9C67300B33FC3 /* Build configuration list for PBXNativeTarget "HackerNews" */ = {
			isa = XCConfigurationList;
			buildConfigurations = (
				6C19BCAA1AD9C67300B33FC3 /* Debug */,
				6C19BCAB1AD9C67300B33FC3 /* Release */,
			);
			defaultConfigurationIsVisible = 0;
			defaultConfigurationName = Release;
		};
		6C19BCAC1AD9C67300B33FC3 /* Build configuration list for PBXNativeTarget "HackerNewsTests" */ = {
			isa = XCConfigurationList;
			buildConfigurations = (
				6C19BCAD1AD9C67300B33FC3 /* Debug */,
				6C19BCAE1AD9C67300B33FC3 /* Release */,
			);
			defaultConfigurationIsVisible = 0;
			defaultConfigurationName = Release;
		};
/* End XCConfigurationList section */
	};
	rootObject = 6C19BC821AD9C67300B33FC3 /* Project object */;
}
